
Microsoft Visual Studio Solution File, Format Version 12.00
# Visual Studio 15
VisualStudioVersion = 15.0.26730.16
MinimumVisualStudioVersion = 10.0.40219.1
Project("{FAE04EC0-301F-11D3-BF4B-00C04F79EFBC}") = "MediatRSample", "MediatRSample\MediatRSample.csproj", "{76372A0C-1260-4D68-9332-98560BC673F2}"
EndProject
Global
	GlobalSection(SolutionConfigurationPlatforms) = preSolution
		Debug|Any CPU = Debug|Any CPU
		Release|Any CPU = Release|Any CPU
	EndGlobalSection
	GlobalSection(ProjectConfigurationPlatforms) = postSolution
		{76372A0C-1260-4D68-9332-98560BC673F2}.Debug|Any CPU.ActiveCfg = Debug|Any CPU
		{76372A0C-1260-4D68-9332-98560BC673F2}.Debug|Any CPU.Build.0 = Debug|Any CPU
		{76372A0C-1260-4D68-9332-98560BC673F2}.Release|Any CPU.ActiveCfg = Release|Any CPU
		{76372A0C-1260-4D68-9332-98560BC673F2}.Release|Any CPU.Build.0 = Release|Any CPU
	EndGlobalSection
	GlobalSection(SolutionProperties) = preSolution
		HideSolutionNode = FALSE
	EndGlobalSection
	GlobalSection(ExtensibilityGlobals) = postSolution
		SolutionGuid = {41657C64-D989-4391-90B1-F2D83634DDC4}
	EndGlobalSection
EndGlobal
